schema: '2.0'
stages:
  first_run:
    cmd: pdflatex  main.tex
    deps:
    - path: main.tex
      hash: md5
      md5: 434ecb9556107bdd65992d4e47f4b8f2
      size: 46858
    outs:
    - path: main.aux
      hash: md5
      md5: 7336b22b2da011c07ba351183222ca5d
      size: 17950
    - path: main.log
      hash: md5
      md5: f73f839a05769c32bb68edf0b0121b7d
      size: 39785
    - path: main.out
      hash: md5
      md5: 15bde218778f1f6dfbfea47928790a29
      size: 5129
  big_run:
    cmd: pdflatex main.tex && bibtex main && pdflatex  main.tex && pdflatex 
      main.tex
    deps:
    - path: bibliography.bib
      hash: md5
      md5: e9bd070a79968c4cb28d452dd2f574db
      size: 102606
    - path: main.aux
      hash: md5
      md5: 7336b22b2da011c07ba351183222ca5d
      size: 17950
    - path: main.log
      hash: md5
      md5: c93a94402186589319b15dfc6ed45982
      size: 27674
    - path: main.out
      hash: md5
      md5: 15bde218778f1f6dfbfea47928790a29
      size: 5129
    - path: main.tex
      hash: md5
      md5: 434ecb9556107bdd65992d4e47f4b8f2
      size: 46858
    - path: plots/
      hash: md5
      md5: 1eae4992365b310dd5a28559ae6612ff.dir
      size: 230823674
      nfiles: 84
    outs:
    - path: main.pdf
      hash: md5
      md5: 2c7298beb2b4bcc64312e8f91eb1a6c0
      size: 510197
  arxiv:
    cmd: 'rm -rf tmp/ &&  python arxiv.py  --directories plots/combined plots --delete_these_dirs
      generate_plots/ tmp conf bst --extensions py yaml csv  --title "Survival of
      the Cheapest: Cost-Aware Hardware Adaptation for Adversarial Robustness" --delete_these_files
      ".dvcignore" "main.aux" "main.blg" "main.out"  "main.pdf" "main.log"  "arxiv.log"
      "deckard.log"  --temporary_directory tmp'
    deps:
    - path: arxiv.py
      md5: 6424cda58e8cdd02be453250908f8df5
      size: 7776
    - path: main.pdf
      hash: md5
      md5: 2c7298beb2b4bcc64312e8f91eb1a6c0
      size: 510197
    - path: plots/
      hash: md5
      md5: 1eae4992365b310dd5a28559ae6612ff.dir
      size: 230823674
      nfiles: 84
    outs:
    - path: 'Survival of the Cheapest: Cost-Aware Hardware Adaptation for Adversarial
        Robustness.zip'
      hash: md5
      md5: 56ac989ce10e8de0b8c2bfdc09d24676
      size: 494731
    - path: arxiv.log
      hash: md5
      md5: 1ab3b99233e0a653118742d43951775d
      size: 3397
    - path: tmp/
      hash: md5
      md5: 37545d5ad5dc6b76701b76b2eeac1b6e.dir
      size: 934830
      nfiles: 22
  pre-commmit:
    cmd: pre-commit run --all-files  && chktex -q -V main.tex -n 24 -n 8 -n 1 -n
      9 -n 17
    deps:
    - path: bibliography.bib
      hash: md5
      md5: ff03cad3a2dc10725424e3c67e54d018
      size: 102320
    - path: generate_plots/
      hash: md5
      md5: cb404029ea63f31968f4a1982a423075.dir
      size: 189976692
      nfiles: 33
    - path: main.tex
      hash: md5
      md5: ed7e7f90044f7915184c3b8829f2b2f1
      size: 55947
    - path: plots/
      hash: md5
      md5: adce451bedd4716b5be77fb2f397b554.dir
      size: 230966926
      nfiles: 90
  pre-commit:
    cmd: pre-commit run --all-files  && chktex -q -V main.tex -n 24 -n 8 -n 1 -n
      9 -n 17
    deps:
    - path: bibliography.bib
      hash: md5
      md5: e9bd070a79968c4cb28d452dd2f574db
      size: 102606
    - path: generate_plots/
      hash: md5
      md5: cb404029ea63f31968f4a1982a423075.dir
      size: 189976692
      nfiles: 33
    - path: main.tex
      hash: md5
      md5: 434ecb9556107bdd65992d4e47f4b8f2
      size: 46858
    - path: plots/
      hash: md5
      md5: 1eae4992365b310dd5a28559ae6612ff.dir
      size: 230823674
      nfiles: 84
