schema: '2.0'
stages:
  merge@mnist:
    cmd: python merge.py  --big_dir data/bit_depth/mnist --little_dir data/mnist --config
      ../conf/afr.yaml --data_file power.csv --output_folder mnist/ --output_file
      merged.csv
    deps:
    - path: ../conf/clean.yaml
      hash: md5
      md5: 3b23a3d656ad56e49e69f8624e227852
      size: 513
    - path: data/bit_depth/mnist/power.csv
      hash: md5
      md5: ed40bca679961759527ca94ca4cbd984
      size: 5421537
    - path: data/mnist/power.csv
      hash: md5
      md5: 6c84e8e91d81504e86db933bab0e9ae2
      size: 9968081
    params:
      ../conf/clean.yaml:
        fillna:
          Epochs: 20
          FGM: 0.0
          FSQ: 32
          Control: 18
          Batch_Size: 1024
    outs:
    - path: mnist/merged.csv
      hash: md5
      md5: e1a40a75a1a1aa7f6ef8dc2616c901b1
      size: 15408533
  clean@mnist:
    cmd: python -m deckard.layers.clean_data --i mnist/merged.csv --o mnist/clean.csv
      --config "../conf/clean.yaml"
    deps:
    - path: ../conf/clean.yaml
      hash: md5
      md5: 3b23a3d656ad56e49e69f8624e227852
      size: 513
    - path: mnist/merged.csv
      hash: md5
      md5: e1a40a75a1a1aa7f6ef8dc2616c901b1
      size: 15408533
    params:
      ../conf/clean.yaml:
        attacks:
          FastGradientMethod: FGM
          ProjectedGradientDescent: PGD
          HopSkipJump: HSJ
          DeepFool: Deep
        defences:
          Control: Control
          FeatureSqueezing: FSQ
          Epochs: Epochs
          model_layers: Control
        fillna:
          Epochs: 20
          FGM: 0.0
          FSQ: 32
          Control: 18
          Batch_Size: 1024
        params:
          FGM: attack.init.eps
          PGD: attack.init.eps
          HSJ: attack.init.eps
          DeepFool: attack.init.eps
          FSQ: model.art.preprocessor.bit_depth
          Control: model_layers
          Epochs: model.trainer.nb_epoch
          Batch_Size: model.trainer.batch_size
    outs:
    - path: mnist/clean.csv
      hash: md5
      md5: 09056c17974b881f613ae3c5e3a48ccd
      size: 13832189
  afr@mnist:
    cmd: python -m deckard.layers.afr --dataset mnist --data_file mnist/clean.csv
      --config_file "../conf/afr.yaml" --plots_folder mnist/ --target adv_accuracy
      --duration_col adv_fit_time
    deps:
    - path: ../conf/afr.yaml
      hash: md5
      md5: 4e5a2625b14d401ea539fbeb90ab1fcc
      size: 5649
    - path: mnist/clean.csv
      hash: md5
      md5: 09056c17974b881f613ae3c5e3a48ccd
      size: 13832189
    outs:
    - path: mnist/aft_comparison.csv
      hash: md5
      md5: 7aafde08238bf1305588db67989547ea
      size: 270
    - path: mnist/aft_comparison.tex
      hash: md5
      md5: 1d1b3bcc873bc6cfd3e78bdae02988e5
      size: 538
    - path: mnist/cox_aft.pdf
      hash: md5
      md5: 95237dc1741b90cc41624f9d0ac4aaeb
      size: 25947
    - path: mnist/cox_epochs_partial_effect.pdf
      hash: md5
      md5: d0aaeab19e3cd4e01d54b72d8e067654
      size: 28624
    - path: mnist/log_logistic_aft.pdf
      hash: md5
      md5: 8b38266894241bef1e06786eaebac90b
      size: 27166
    - path: mnist/log_logistic_epochs_partial_effect.pdf
      hash: md5
      md5: 84af6ae6cc04be23f0afd0d033e8b1a2
      size: 27504
    - path: mnist/log_normal_aft.pdf
      hash: md5
      md5: 16f8d5a3e0aede58ee98d957a422e506
      size: 27561
    - path: mnist/log_normal_epochs_partial_effect.pdf
      hash: md5
      md5: 167aa5e7122d481073a18bcaad167769
      size: 28177
    - path: mnist/weibull_aft.pdf
      hash: md5
      md5: 6b2d6c52938334e1116ed6b36367df83
      size: 26936
    - path: mnist/weibull_epochs_partial_effect.pdf
      hash: md5
      md5: 26cc7d2d9ba1b9816d5132c7cb0c6826
      size: 27153
  merge@cifar:
    cmd: python merge.py  --big_dir data/bit_depth/cifar --little_dir data/cifar --config
      ../conf/afr.yaml --data_file power.csv --output_folder cifar/ --output_file
      merged.csv
    deps:
    - path: ../conf/clean.yaml
      hash: md5
      md5: 3b23a3d656ad56e49e69f8624e227852
      size: 513
    - path: data/bit_depth/cifar/power.csv
      hash: md5
      md5: b9ebbe01b2bd93f1c4af02fb8abd910b
      size: 5291011
    - path: data/cifar/power.csv
      hash: md5
      md5: a8e056a8c4008ce37006237f2e44b2bf
      size: 9997291
    params:
      ../conf/clean.yaml:
        fillna:
          Epochs: 20
          FGM: 0.0
          FSQ: 32
          Control: 18
          Batch_Size: 1024
    outs:
    - path: cifar/merged.csv
      hash: md5
      md5: 182caab67d2f0187068c862fc1ce0206
      size: 15304603
  clean@cifar:
    cmd: python -m deckard.layers.clean_data --i cifar/merged.csv --o cifar/clean.csv
      --config "../conf/clean.yaml"
    deps:
    - path: ../conf/clean.yaml
      hash: md5
      md5: 3b23a3d656ad56e49e69f8624e227852
      size: 513
    - path: cifar/merged.csv
      hash: md5
      md5: 182caab67d2f0187068c862fc1ce0206
      size: 15304603
    params:
      ../conf/clean.yaml:
        attacks:
          FastGradientMethod: FGM
          ProjectedGradientDescent: PGD
          HopSkipJump: HSJ
          DeepFool: Deep
        defences:
          Control: Control
          FeatureSqueezing: FSQ
          Epochs: Epochs
          model_layers: Control
        fillna:
          Epochs: 20
          FGM: 0.0
          FSQ: 32
          Control: 18
          Batch_Size: 1024
        params:
          FGM: attack.init.eps
          PGD: attack.init.eps
          HSJ: attack.init.eps
          DeepFool: attack.init.eps
          FSQ: model.art.preprocessor.bit_depth
          Control: model_layers
          Epochs: model.trainer.nb_epoch
          Batch_Size: model.trainer.batch_size
    outs:
    - path: cifar/clean.csv
      hash: md5
      md5: 71ea1068d35be93a6669fab7385e221c
      size: 13746721
  afr@cifar:
    cmd: python -m deckard.layers.afr --dataset cifar --data_file cifar/clean.csv
      --config_file "../conf/afr.yaml" --plots_folder cifar/ --target adv_accuracy
      --duration_col adv_fit_time
    deps:
    - path: ../conf/afr.yaml
      hash: md5
      md5: 4e5a2625b14d401ea539fbeb90ab1fcc
      size: 5649
    - path: cifar/clean.csv
      hash: md5
      md5: 71ea1068d35be93a6669fab7385e221c
      size: 13746721
    outs:
    - path: cifar/aft_comparison.csv
      hash: md5
      md5: 39c410fe020571a07b95ea2ab652b59e
      size: 266
    - path: cifar/aft_comparison.tex
      hash: md5
      md5: c3518f45164a1450e25bffd24532026f
      size: 534
    - path: cifar/cox_aft.pdf
      hash: md5
      md5: 92cf892e3f2b83f254cb2ee540682be4
      size: 25629
    - path: cifar/cox_epochs_partial_effect.pdf
      hash: md5
      md5: 47e9c563fa1b5628ad86c4fd18c31157
      size: 31809
    - path: cifar/log_logistic_aft.pdf
      hash: md5
      md5: 44760e05edd30054a82fa62ff1dbdfe5
      size: 27166
    - path: cifar/log_logistic_epochs_partial_effect.pdf
      hash: md5
      md5: f1c85ee89f47814b86cd449e1242bd29
      size: 27684
    - path: cifar/log_normal_aft.pdf
      hash: md5
      md5: 668963471dcd715dc044c91ae09ab779
      size: 27565
    - path: cifar/log_normal_epochs_partial_effect.pdf
      hash: md5
      md5: 5106e8bc3dd72f917315a477f2654ba1
      size: 28371
    - path: cifar/weibull_aft.pdf
      hash: md5
      md5: b70fd13ded1b07d7b0349024125a1273
      size: 27249
    - path: cifar/weibull_epochs_partial_effect.pdf
      hash: md5
      md5: 933cab5f68f2c96b26d523f23f5d5e9e
      size: 26948
  merge@cifar100:
    cmd: python merge.py  --big_dir data/bit_depth/cifar100 --little_dir data/cifar100
      --config ../conf/afr.yaml --data_file power.csv --output_folder cifar100/ --output_file
      merged.csv
    deps:
    - path: ../conf/clean.yaml
      hash: md5
      md5: 3b23a3d656ad56e49e69f8624e227852
      size: 513
    - path: data/bit_depth/cifar100/power.csv
      hash: md5
      md5: d52080413e3ba7bd86ef8d92ebd00507
      size: 3987447
    - path: data/cifar100/power.csv
      hash: md5
      md5: f51f0d4ebd105f64829af90a0212de00
      size: 16081846
    params:
      ../conf/clean.yaml:
        fillna:
          Epochs: 20
          FGM: 0.0
          FSQ: 32
          Control: 18
          Batch_Size: 1024
    outs:
    - path: cifar100/merged.csv
      hash: md5
      md5: 5920bd418c09a9fa0dcb3560fa44f783
      size: 20099761
  clean@cifar100:
    cmd: python -m deckard.layers.clean_data --i cifar100/merged.csv --o cifar100/clean.csv
      --config "../conf/clean.yaml"
    deps:
    - path: ../conf/clean.yaml
      hash: md5
      md5: 3b23a3d656ad56e49e69f8624e227852
      size: 513
    - path: cifar100/merged.csv
      hash: md5
      md5: 5920bd418c09a9fa0dcb3560fa44f783
      size: 20099761
    params:
      ../conf/clean.yaml:
        attacks:
          FastGradientMethod: FGM
          ProjectedGradientDescent: PGD
          HopSkipJump: HSJ
          DeepFool: Deep
        defences:
          Control: Control
          FeatureSqueezing: FSQ
          Epochs: Epochs
          model_layers: Control
        fillna:
          Epochs: 20
          FGM: 0.0
          FSQ: 32
          Control: 18
          Batch_Size: 1024
        params:
          FGM: attack.init.eps
          PGD: attack.init.eps
          HSJ: attack.init.eps
          DeepFool: attack.init.eps
          FSQ: model.art.preprocessor.bit_depth
          Control: model_layers
          Epochs: model.trainer.nb_epoch
          Batch_Size: model.trainer.batch_size
    outs:
    - path: cifar100/clean.csv
      hash: md5
      md5: d452c94e15ea381915ddbf72f182e68e
      size: 17693395
  afr@cifar100:
    cmd: python -m deckard.layers.afr --dataset cifar100 --data_file cifar100/clean.csv
      --config_file "../conf/afr.yaml" --plots_folder cifar100/ --target adv_accuracy
      --duration_col adv_fit_time
    deps:
    - path: ../conf/afr.yaml
      hash: md5
      md5: 4e5a2625b14d401ea539fbeb90ab1fcc
      size: 5649
    - path: cifar100/clean.csv
      hash: md5
      md5: d452c94e15ea381915ddbf72f182e68e
      size: 17693395
    outs:
    - path: cifar100/aft_comparison.csv
      hash: md5
      md5: 9cd0527bd817b29ddac9f3a8918d9adb
      size: 271
    - path: cifar100/aft_comparison.tex
      hash: md5
      md5: 54ad75ca803a7c8b8d00c3859b5882f9
      size: 563
    - path: cifar100/cox_aft.pdf
      hash: md5
      md5: f66dbe323f2e22d3bf761909156807b0
      size: 25990
    - path: cifar100/cox_epochs_partial_effect.pdf
      hash: md5
      md5: 181c3629dc4554e4ea7962aaf7fa3b7c
      size: 34915
    - path: cifar100/log_logistic_aft.pdf
      hash: md5
      md5: 83d9f1aa8cf4814929b382ab2eada541
      size: 27169
    - path: cifar100/log_logistic_epochs_partial_effect.pdf
      hash: md5
      md5: b1cedc4cbd24d1f7a932ac365ab5b254
      size: 28105
    - path: cifar100/log_normal_aft.pdf
      hash: md5
      md5: d9041414643ea6f924aad649b3353117
      size: 27573
    - path: cifar100/log_normal_epochs_partial_effect.pdf
      hash: md5
      md5: 5990e1a58c8ff34211ffe5a6c26e51ce
      size: 28570
    - path: cifar100/weibull_aft.pdf
      hash: md5
      md5: 53bca1a21f9e0c1c9bd6d816f62c4668
      size: 26928
    - path: cifar100/weibull_epochs_partial_effect.pdf
      hash: md5
      md5: 854d02de7118cd55f178cf8d1b7dc4cd
      size: 27346
  combined_plots:
    cmd: python combined_plots.py
    deps:
    - path: cifar/aft_comparison.csv
      hash: md5
      md5: 39c410fe020571a07b95ea2ab652b59e
      size: 266
    - path: cifar100/aft_comparison.csv
      hash: md5
      md5: 9cd0527bd817b29ddac9f3a8918d9adb
      size: 271
    - path: combined_plots.py
      hash: md5
      md5: 9b0bec1a5faf2d1965895d1e88887cdc
      size: 9011
    - path: mnist/aft_comparison.csv
      hash: md5
      md5: 7aafde08238bf1305588db67989547ea
      size: 270
    outs:
    - path: combined/acc.pdf
      hash: md5
      md5: 64e4a35b135b560c3c6a43c2957ab9b9
      size: 30510
    - path: combined/cost.pdf
      hash: md5
      md5: d9eb676eeaadc6ecd5d9807b4ad09e30
      size: 48334
    - path: combined/power.pdf
      hash: md5
      md5: 07ca4a8a25ff92900d111e15b6e7b55c
      size: 46710
    - path: combined/time.pdf
      hash: md5
      md5: 4f5b02afe9fe882a3e8228405768e1ae
      size: 46288
    - path: data/combined/combined.csv
      hash: md5
      md5: 5373a0cba09196ebf00bbfbab9378398
      size: 52639498
  combined_clean:
    cmd: python -m deckard.layers.clean_data --i data/combined/combined.csv --o combined/clean.csv
      --config "../conf/clean.yaml"
    deps:
    - path: ../conf/clean.yaml
      hash: md5
      md5: 3b23a3d656ad56e49e69f8624e227852
      size: 513
    - path: data/combined/combined.csv
      hash: md5
      md5: 5373a0cba09196ebf00bbfbab9378398
      size: 52639498
    params:
      ../conf/clean.yaml:
        attacks:
          FastGradientMethod: FGM
          ProjectedGradientDescent: PGD
          HopSkipJump: HSJ
          DeepFool: Deep
        defences:
          Control: Control
          FeatureSqueezing: FSQ
          Epochs: Epochs
          model_layers: Control
        fillna:
          Epochs: 20
          FGM: 0.0
          FSQ: 32
          Control: 18
          Batch_Size: 1024
        params:
          FGM: attack.init.eps
          PGD: attack.init.eps
          HSJ: attack.init.eps
          DeepFool: attack.init.eps
          FSQ: model.art.preprocessor.bit_depth
          Control: model_layers
          Epochs: model.trainer.nb_epoch
          Batch_Size: model.trainer.batch_size
    outs:
    - path: combined/clean.csv
      hash: md5
      md5: c1ced8cb96e3749a75bf0080ef16d88a
      size: 37514989
  combined_afr:
    cmd: python -m deckard.layers.afr --dataset Combined --data_file combined/clean.csv
      --config_file "../conf/combined_afr.yaml" --plots_folder combined/ --target
      adv_accuracy --duration_col adv_fit_time
    deps:
    - path: ../conf/combined_afr.yaml
      hash: md5
      md5: f34cfe054c118b3a4054c9cd498cb4ca
      size: 4932
    - path: combined/clean.csv
      hash: md5
      md5: c1ced8cb96e3749a75bf0080ef16d88a
      size: 37514989
    outs:
    - path: combined/aft_comparison.csv
      hash: md5
      md5: f1dc95359914bf18105877b6af82cf30
      size: 273
    - path: combined/aft_comparison.tex
      hash: md5
      md5: 90b6dcba6d447532b251cc1cb0348e87
      size: 543
    - path: combined/log_logistic_aft.pdf
      hash: md5
      md5: 628294f2168fbf8c76fe678f6142738f
      size: 34565
    - path: combined/log_logistic_qq.pdf
      hash: md5
      md5: 96bcb870a0125172f4f04b60f8e6abca
      size: 19617
    - path: combined/log_logistic_summary.csv
      hash: md5
      md5: aad4c47e5bbd5d2a3887d9e33fdc7d7f
      size: 3391
    - path: combined/log_normal_aft.pdf
      hash: md5
      md5: 045313ff57a7064b556fb55df779a2f0
      size: 35138
    - path: combined/log_normal_qq.pdf
      hash: md5
      md5: a4d6e394a0c9b8d9280d503bb545c140
      size: 21163
    - path: combined/log_normal_summary.csv
      hash: md5
      md5: f85042168fc61120a458bf66d4f8a839
      size: 3327
    - path: combined/weibull_aft.pdf
      hash: md5
      md5: bf2f718d82b072389be97fefe6c056f2
      size: 33656
    - path: combined/weibull_qq.pdf
      hash: md5
      md5: 44e1acd95b809ff40a2fa31e64b35d4a
      size: 19351
    - path: combined/weibull_summary.csv
      hash: md5
      md5: f566247fd2e463a4b9e99bc473d285a6
      size: 3397
  predict_survival_time@weibull:
    cmd: python predict_with_best.py  --data combined/clean.csv  --config_file ../conf/combined_afr.yaml  --model
      weibull --target adv_accuracy  --duration_col adv_fit_time --output combined/weibull.csv
    deps:
    - path: ../conf/combined_afr.yaml
      hash: md5
      md5: f34cfe054c118b3a4054c9cd498cb4ca
      size: 4932
    - path: combined/aft_comparison.tex
      hash: md5
      md5: 90b6dcba6d447532b251cc1cb0348e87
      size: 543
    - path: combined/clean.csv
      hash: md5
      md5: c1ced8cb96e3749a75bf0080ef16d88a
      size: 37514989
    - path: predict_with_best.py
      hash: md5
      md5: 178074244d30f7eecf7c1eae65d8ffa9
      size: 2557
    outs:
    - path: combined/weibull.csv
      hash: md5
      md5: dc59704562c6900cd017abab82f9479b
      size: 37691169
  predict_survival_time@log_normal:
    cmd: python predict_with_best.py  --data combined/clean.csv  --config_file ../conf/combined_afr.yaml  --model
      log_normal --target adv_accuracy  --duration_col adv_fit_time --output combined/log_normal.csv
    deps:
    - path: ../conf/combined_afr.yaml
      hash: md5
      md5: f34cfe054c118b3a4054c9cd498cb4ca
      size: 4932
    - path: combined/aft_comparison.tex
      hash: md5
      md5: 90b6dcba6d447532b251cc1cb0348e87
      size: 543
    - path: combined/clean.csv
      hash: md5
      md5: c1ced8cb96e3749a75bf0080ef16d88a
      size: 37514989
    - path: predict_with_best.py
      hash: md5
      md5: 178074244d30f7eecf7c1eae65d8ffa9
      size: 2557
    outs:
    - path: combined/log_normal.csv
      hash: md5
      md5: 049408b32bcdcc431b9c49c2aa99540c
      size: 37691100
  predict_survival_time@log_logistic:
    cmd: python predict_with_best.py  --data combined/clean.csv  --config_file ../conf/combined_afr.yaml  --model
      log_logistic --target adv_accuracy  --duration_col adv_fit_time --output combined/log_logistic.csv
    deps:
    - path: ../conf/combined_afr.yaml
      hash: md5
      md5: f34cfe054c118b3a4054c9cd498cb4ca
      size: 4932
    - path: combined/aft_comparison.tex
      hash: md5
      md5: 90b6dcba6d447532b251cc1cb0348e87
      size: 543
    - path: combined/clean.csv
      hash: md5
      md5: c1ced8cb96e3749a75bf0080ef16d88a
      size: 37514989
    - path: predict_with_best.py
      hash: md5
      md5: 178074244d30f7eecf7c1eae65d8ffa9
      size: 2557
    outs:
    - path: combined/log_logistic.csv
      hash: md5
      md5: f1a3bf3c3b10ee84a3dd64e2c84c2254
      size: 37691105
  plot_trash_score@weibull:
    cmd: python plot_trash_score.py  --input_file combined/weibull.csv  --output_file
      combined/weibull_trash_score.pdf --title weibull
    deps:
    - path: combined/weibull.csv
      hash: md5
      md5: dc59704562c6900cd017abab82f9479b
      size: 37691169
    - path: plot_trash_score.py
      hash: md5
      md5: f3a0939b9d45d6d1759f8aad1e143f27
      size: 1634
    outs:
    - path: combined/weibull_trash_score.pdf
      hash: md5
      md5: 7832b8a58a0e3d9d3fefb370472f9435
      size: 26928
  plot_trash_score@log_normal:
    cmd: python plot_trash_score.py  --input_file combined/log_normal.csv  --output_file
      combined/log_normal_trash_score.pdf --title log_normal
    deps:
    - path: combined/log_normal.csv
      hash: md5
      md5: 049408b32bcdcc431b9c49c2aa99540c
      size: 37691100
    - path: plot_trash_score.py
      hash: md5
      md5: f3a0939b9d45d6d1759f8aad1e143f27
      size: 1634
    outs:
    - path: combined/log_normal_trash_score.pdf
      hash: md5
      md5: 521953e3662cdb5eba806c600a3166c8
      size: 27720
  plot_trash_score@log_logistic:
    cmd: python plot_trash_score.py  --input_file combined/log_logistic.csv  --output_file
      combined/log_logistic_trash_score.pdf --title log_logistic
    deps:
    - path: combined/log_logistic.csv
      hash: md5
      md5: f1a3bf3c3b10ee84a3dd64e2c84c2254
      size: 37691105
    - path: plot_trash_score.py
      hash: md5
      md5: f3a0939b9d45d6d1759f8aad1e143f27
      size: 1634
    outs:
    - path: combined/log_logistic_trash_score.pdf
      hash: md5
      md5: cc9a749af9a658885a582d4bc8bf541e
      size: 27022
  copy@cifar100:
    cmd: rm -rf ../plots/cifar100/ && mkdir -p ../plots/cifar100/ && cp -r cifar100/*.pdf
      cifar100/*.csv cifar100/*.tex ../plots/cifar100/
    deps:
    - path: cifar100/
      hash: md5
      md5: 93fb0bab65317000f4145769410a629a.dir
      size: 29695303
      nfiles: 21
  copy@mnist:
    cmd: rm -rf ../plots/mnist/ && mkdir -p ../plots/mnist/ && cp -r mnist/*.pdf mnist/*.csv
      mnist/*.tex ../plots/mnist/
    deps:
    - path: mnist/
      hash: md5
      md5: c91397e60ec588583aa5b4044845d8e9.dir
      size: 24978381
      nfiles: 21
  copy@cifar:
    cmd: rm -rf ../plots/cifar/ && mkdir -p ../plots/cifar/ && cp -r cifar/*.pdf cifar/*.csv
      cifar/*.tex ../plots/cifar/
    deps:
    - path: cifar/
      hash: md5
      md5: aed80417a31cf64b16995bf2711009de.dir
      size: 24885292
      nfiles: 21
  copy@combined:
    cmd: rm -rf ../plots/combined/ && mkdir -p ../plots/combined/ && cp -r combined/*.pdf
      combined/*.csv combined/*.tex ../plots/combined/
    deps:
    - path: combined/
      hash: md5
      md5: abaa27b43eae1e0be39cb97cc2ace4cb.dir
      size: 150471370
      nfiles: 29
  move@mnist:
    cmd: rm -rf ../plots/mnist/ && mkdir -p ../plots/mnist/ && mv  mnist/*.pdf  ../plots/mnist/
      && mv  mnist/*.csv  ../plots/mnist/ && mv  mnist/*.tex  ../plots/mnist/
    deps:
    - path: mnist/
      hash: md5
      md5: 3cc8eb94374a2aa214df57dfc9a4a2ca.dir
      size: 279
      nfiles: 1
  move@cifar:
    cmd: rm -rf ../plots/cifar/ && mkdir -p ../plots/cifar/ && mv  cifar/*.pdf  ../plots/cifar/
      && mv  cifar/*.csv  ../plots/cifar/ && mv  cifar/*.tex  ../plots/cifar/
    deps:
    - path: cifar/
      hash: md5
      md5: 3cc8eb94374a2aa214df57dfc9a4a2ca.dir
      size: 279
      nfiles: 1
  move@cifar100:
    cmd: rm -rf ../plots/cifar100/ && mkdir -p ../plots/cifar100/ && mv  cifar100/*.pdf  ../plots/cifar100/
      && mv  cifar100/*.csv  ../plots/cifar100/ && mv  cifar100/*.tex  ../plots/cifar100/
    deps:
    - path: cifar100/
      hash: md5
      md5: 3cc8eb94374a2aa214df57dfc9a4a2ca.dir
      size: 279
      nfiles: 1
  move@combined:
    cmd: rm -rf ../plots/combined/ && mkdir -p ../plots/combined/ && mv  combined/*.pdf  ../plots/combined/
      && mv  combined/*.csv  ../plots/combined/ && mv  combined/*.tex  ../plots/combined/
    deps:
    - path: combined/
      hash: md5
      md5: 88f6f83c816b136d9a47fe7ebe3f1e93.dir
      size: 30998935
      nfiles: 2
