schema: '2.0'
stages:
  merge@mnist:
    cmd: python merge.py  --big_dir data/bit_depth/mnist --little_dir data/mnist --config
      ../conf/afr.yaml --data_file power.csv --output_folder mnist/ --output_file
      merged.csv
    deps:
    - path: ../conf/clean.yaml
      hash: md5
      md5: 3b23a3d656ad56e49e69f8624e227852
      size: 513
    - path: data/bit_depth/mnist/power.csv
      hash: md5
      md5: ed40bca679961759527ca94ca4cbd984
      size: 5421537
    - path: data/mnist/power.csv
      hash: md5
      md5: 6c84e8e91d81504e86db933bab0e9ae2
      size: 9968081
    params:
      ../conf/clean.yaml:
        fillna:
          Epochs: 20
          FGM: 0.0
          FSQ: 32
          Control: 18
          Batch_Size: 1024
    outs:
    - path: mnist/merged.csv
      hash: md5
      md5: 8f227012f75f50d6f01745b54d2dc5a5
      size: 15408533
  clean@mnist:
    cmd: python -m deckard.layers.clean_data --i mnist/merged.csv --o mnist/clean.csv
      --config "../conf/clean.yaml"
    deps:
    - path: ../conf/clean.yaml
      hash: md5
      md5: 3b23a3d656ad56e49e69f8624e227852
      size: 513
    - path: mnist/merged.csv
      hash: md5
      md5: 8f227012f75f50d6f01745b54d2dc5a5
      size: 15408533
    params:
      ../conf/clean.yaml:
        attacks:
          FastGradientMethod: FGM
          ProjectedGradientDescent: PGD
          HopSkipJump: HSJ
          DeepFool: Deep
        defences:
          Control: Control
          FeatureSqueezing: FSQ
          Epochs: Epochs
          model_layers: Control
        fillna:
          Epochs: 20
          FGM: 0.0
          FSQ: 32
          Control: 18
          Batch_Size: 1024
        params:
          FGM: attack.init.eps
          PGD: attack.init.eps
          HSJ: attack.init.eps
          DeepFool: attack.init.eps
          FSQ: model.art.preprocessor.bit_depth
          Control: model_layers
          Epochs: model.trainer.nb_epoch
          Batch_Size: model.trainer.batch_size
    outs:
    - path: mnist/clean.csv
      hash: md5
      md5: d4427712b315e86b1326ba79688af85d
      size: 9365123
  afr@mnist:
    cmd: python -m deckard.layers.afr --dataset mnist --data_file mnist/clean.csv
      --config_file "../conf/afr.yaml" --plots_folder mnist/ --target adv_accuracy
      --duration_col adv_fit_time
    deps:
    - path: ../conf/afr.yaml
      hash: md5
      md5: 4e5a2625b14d401ea539fbeb90ab1fcc
      size: 5649
    - path: mnist/clean.csv
      hash: md5
      md5: d4427712b315e86b1326ba79688af85d
      size: 9365123
    outs:
    - path: mnist/aft_comparison.csv
      hash: md5
      md5: 277a978045a84980116b0660ba98c4d7
      size: 263
    - path: mnist/aft_comparison.tex
      hash: md5
      md5: 3ac1fb655e43ae52f663eda97a880ba4
      size: 537
    - path: mnist/cox_aft.pdf
      hash: md5
      md5: 77805125da460092954a652e75e4abf1
      size: 22966
    - path: mnist/cox_epochs_partial_effect.pdf
      hash: md5
      md5: 14b33cba6aa316b1852d0e7cef986aec
      size: 26633
    - path: mnist/log_logistic_aft.pdf
      hash: md5
      md5: 8c95148559c23523200437f64e8ed4b7
      size: 22831
    - path: mnist/log_logistic_epochs_partial_effect.pdf
      hash: md5
      md5: 28f6385b6f7f09caf71861469ca4b0b7
      size: 24715
    - path: mnist/log_normal_aft.pdf
      hash: md5
      md5: ec4e3159e313298d21cafceb634791b0
      size: 23167
    - path: mnist/log_normal_epochs_partial_effect.pdf
      hash: md5
      md5: 1adbc0794b4f6e40e14ce3d715d1b5d0
      size: 25408
    - path: mnist/weibull_aft.pdf
      hash: md5
      md5: d92f81d5d141911b05214e864f929f30
      size: 22965
    - path: mnist/weibull_epochs_partial_effect.pdf
      hash: md5
      md5: e00311c0173799b4fae5ccaa43f4ba07
      size: 24402
  merge@cifar:
    cmd: python merge.py  --big_dir data/bit_depth/cifar --little_dir data/cifar --config
      ../conf/afr.yaml --data_file power.csv --output_folder cifar/ --output_file
      merged.csv
    deps:
    - path: ../conf/clean.yaml
      hash: md5
      md5: 3b23a3d656ad56e49e69f8624e227852
      size: 513
    - path: data/bit_depth/cifar/power.csv
      hash: md5
      md5: b9ebbe01b2bd93f1c4af02fb8abd910b
      size: 5291011
    - path: data/cifar/power.csv
      hash: md5
      md5: a8e056a8c4008ce37006237f2e44b2bf
      size: 9997291
    params:
      ../conf/clean.yaml:
        fillna:
          Epochs: 20
          FGM: 0.0
          FSQ: 32
          Control: 18
          Batch_Size: 1024
    outs:
    - path: cifar/merged.csv
      hash: md5
      md5: 2d2cbcb913a61d304950c910bd487b9b
      size: 15304603
  clean@cifar:
    cmd: python -m deckard.layers.clean_data --i cifar/merged.csv --o cifar/clean.csv
      --config "../conf/clean.yaml"
    deps:
    - path: ../conf/clean.yaml
      hash: md5
      md5: 3b23a3d656ad56e49e69f8624e227852
      size: 513
    - path: cifar/merged.csv
      hash: md5
      md5: 2d2cbcb913a61d304950c910bd487b9b
      size: 15304603
    params:
      ../conf/clean.yaml:
        attacks:
          FastGradientMethod: FGM
          ProjectedGradientDescent: PGD
          HopSkipJump: HSJ
          DeepFool: Deep
        defences:
          Control: Control
          FeatureSqueezing: FSQ
          Epochs: Epochs
          model_layers: Control
        fillna:
          Epochs: 20
          FGM: 0.0
          FSQ: 32
          Control: 18
          Batch_Size: 1024
        params:
          FGM: attack.init.eps
          PGD: attack.init.eps
          HSJ: attack.init.eps
          DeepFool: attack.init.eps
          FSQ: model.art.preprocessor.bit_depth
          Control: model_layers
          Epochs: model.trainer.nb_epoch
          Batch_Size: model.trainer.batch_size
    outs:
    - path: cifar/clean.csv
      hash: md5
      md5: d265e0a96be8602d0c57298677841153
      size: 9374737
  afr@cifar:
    cmd: python -m deckard.layers.afr --dataset cifar --data_file cifar/clean.csv
      --config_file "../conf/afr.yaml" --plots_folder cifar/ --target adv_accuracy
      --duration_col adv_fit_time
    deps:
    - path: ../conf/afr.yaml
      hash: md5
      md5: 4e5a2625b14d401ea539fbeb90ab1fcc
      size: 5649
    - path: cifar/clean.csv
      hash: md5
      md5: d265e0a96be8602d0c57298677841153
      size: 9374737
    outs:
    - path: cifar/aft_comparison.csv
      hash: md5
      md5: 822b36e1f674a97cb7780b393dd9bb90
      size: 267
    - path: cifar/aft_comparison.tex
      hash: md5
      md5: 57156af2e02b929360ca57142c01a182
      size: 539
    - path: cifar/cox_aft.pdf
      hash: md5
      md5: 94febbd0de9ca689970c076d69923f1c
      size: 22621
    - path: cifar/cox_epochs_partial_effect.pdf
      hash: md5
      md5: 0ac352819770607d1e7bcea9668a72f6
      size: 26815
    - path: cifar/log_logistic_aft.pdf
      hash: md5
      md5: e480bee8a5fcde894884e854dcd6c66d
      size: 22841
    - path: cifar/log_logistic_epochs_partial_effect.pdf
      hash: md5
      md5: 5e986d0039b03b7bcd4a6be27e9d9040
      size: 25011
    - path: cifar/log_normal_aft.pdf
      hash: md5
      md5: c3c0c01382f66458d0cec1c0069f2456
      size: 22877
    - path: cifar/log_normal_epochs_partial_effect.pdf
      hash: md5
      md5: c7b341217ecd11cbab98ab64a9d548f5
      size: 25594
    - path: cifar/weibull_aft.pdf
      hash: md5
      md5: f8d7c6490a10346e0c3b7d7021d1bfb8
      size: 22972
    - path: cifar/weibull_epochs_partial_effect.pdf
      hash: md5
      md5: c9627e3505fe3195af7c4662f75f7915
      size: 24538
  merge@cifar100:
    cmd: python merge.py  --big_dir data/bit_depth/cifar100 --little_dir data/cifar100
      --config ../conf/afr.yaml --data_file power.csv --output_folder cifar100/ --output_file
      merged.csv
    deps:
    - path: ../conf/clean.yaml
      hash: md5
      md5: 3b23a3d656ad56e49e69f8624e227852
      size: 513
    - path: data/bit_depth/cifar100/power.csv
      hash: md5
      md5: d52080413e3ba7bd86ef8d92ebd00507
      size: 3987447
    - path: data/cifar100/power.csv
      hash: md5
      md5: f51f0d4ebd105f64829af90a0212de00
      size: 16081846
    params:
      ../conf/clean.yaml:
        fillna:
          Epochs: 20
          FGM: 0.0
          FSQ: 32
          Control: 18
          Batch_Size: 1024
    outs:
    - path: cifar100/merged.csv
      hash: md5
      md5: f2bf33451a3c6a27e8b37dafc2a30ace
      size: 20099761
  clean@cifar100:
    cmd: python -m deckard.layers.clean_data --i cifar100/merged.csv --o cifar100/clean.csv
      --config "../conf/clean.yaml"
    deps:
    - path: ../conf/clean.yaml
      hash: md5
      md5: 3b23a3d656ad56e49e69f8624e227852
      size: 513
    - path: cifar100/merged.csv
      hash: md5
      md5: f2bf33451a3c6a27e8b37dafc2a30ace
      size: 20099761
    params:
      ../conf/clean.yaml:
        attacks:
          FastGradientMethod: FGM
          ProjectedGradientDescent: PGD
          HopSkipJump: HSJ
          DeepFool: Deep
        defences:
          Control: Control
          FeatureSqueezing: FSQ
          Epochs: Epochs
          model_layers: Control
        fillna:
          Epochs: 20
          FGM: 0.0
          FSQ: 32
          Control: 18
          Batch_Size: 1024
        params:
          FGM: attack.init.eps
          PGD: attack.init.eps
          HSJ: attack.init.eps
          DeepFool: attack.init.eps
          FSQ: model.art.preprocessor.bit_depth
          Control: model_layers
          Epochs: model.trainer.nb_epoch
          Batch_Size: model.trainer.batch_size
    outs:
    - path: cifar100/clean.csv
      hash: md5
      md5: 7fcafa8e463156464259f88b9027f170
      size: 9361956
  afr@cifar100:
    cmd: python -m deckard.layers.afr --dataset cifar100 --data_file cifar100/clean.csv
      --config_file "../conf/afr.yaml" --plots_folder cifar100/ --target adv_accuracy
      --duration_col adv_fit_time
    deps:
    - path: ../conf/afr.yaml
      hash: md5
      md5: 4e5a2625b14d401ea539fbeb90ab1fcc
      size: 5649
    - path: cifar100/clean.csv
      hash: md5
      md5: 7fcafa8e463156464259f88b9027f170
      size: 9361956
    outs:
    - path: cifar100/aft_comparison.csv
      hash: md5
      md5: aacd2cebfab999078ec898aa4c535dfa
      size: 270
    - path: cifar100/aft_comparison.tex
      hash: md5
      md5: 7a6d872782631726a6965d6d1788bd2c
      size: 558
    - path: cifar100/cox_aft.pdf
      hash: md5
      md5: 0a62b3ab07eba51eecb5c4a460aeedbe
      size: 22614
    - path: cifar100/cox_epochs_partial_effect.pdf
      hash: md5
      md5: 18bcb667980500d833b561b875386271
      size: 31677
    - path: cifar100/log_logistic_aft.pdf
      hash: md5
      md5: 98ba41fd3c50b49ad14b66519c3323ed
      size: 22555
    - path: cifar100/log_logistic_epochs_partial_effect.pdf
      hash: md5
      md5: 214033a8ece982389d4c42121424a327
      size: 25047
    - path: cifar100/log_normal_aft.pdf
      hash: md5
      md5: 444797c2e2ea0914da1b1bf470a1a9a9
      size: 22869
    - path: cifar100/log_normal_epochs_partial_effect.pdf
      hash: md5
      md5: 997dc05d4dfe4b1e960bc3c2c4b1f76b
      size: 25732
    - path: cifar100/weibull_aft.pdf
      hash: md5
      md5: 296ec747ad1e728ebae5e4207530f5bc
      size: 22967
    - path: cifar100/weibull_epochs_partial_effect.pdf
      hash: md5
      md5: 2a58ef30841ebede43a8a216a193e8d1
      size: 24547
  combined_plots:
    cmd: python combined_plots.py
    deps:
    - path: cifar/aft_comparison.csv
      hash: md5
      md5: 822b36e1f674a97cb7780b393dd9bb90
      size: 267
    - path: cifar100/aft_comparison.csv
      hash: md5
      md5: aacd2cebfab999078ec898aa4c535dfa
      size: 270
    - path: combined_plots.py
      hash: md5
      md5: 9b0bec1a5faf2d1965895d1e88887cdc
      size: 9011
    - path: mnist/aft_comparison.csv
      hash: md5
      md5: 277a978045a84980116b0660ba98c4d7
      size: 263
    outs:
    - path: combined/acc.pdf
      hash: md5
      md5: cad6b10970576a39c7f0565c56717266
      size: 27363
    - path: combined/cost.pdf
      hash: md5
      md5: 968e4274e92a02aab99a7ec273a8f553
      size: 43068
    - path: combined/power.pdf
      hash: md5
      md5: 7e195e390985b8c2d44f862688ebd650
      size: 42356
    - path: combined/time.pdf
      hash: md5
      md5: cfe4be5639cf46762e3b28290f5e8790
      size: 42366
    - path: data/combined/combined.csv
      hash: md5
      md5: 5373a0cba09196ebf00bbfbab9378398
      size: 52639498
  combined_clean:
    cmd: python -m deckard.layers.clean_data --i data/combined/combined.csv --o combined/clean.csv
      --config "../conf/clean.yaml"
    deps:
    - path: ../conf/clean.yaml
      hash: md5
      md5: 3b23a3d656ad56e49e69f8624e227852
      size: 513
    - path: data/combined/combined.csv
      hash: md5
      md5: 5373a0cba09196ebf00bbfbab9378398
      size: 52639498
    params:
      ../conf/clean.yaml:
        attacks:
          FastGradientMethod: FGM
          ProjectedGradientDescent: PGD
          HopSkipJump: HSJ
          DeepFool: Deep
        defences:
          Control: Control
          FeatureSqueezing: FSQ
          Epochs: Epochs
          model_layers: Control
        fillna:
          Epochs: 20
          FGM: 0.0
          FSQ: 32
          Control: 18
          Batch_Size: 1024
        params:
          FGM: attack.init.eps
          PGD: attack.init.eps
          HSJ: attack.init.eps
          DeepFool: attack.init.eps
          FSQ: model.art.preprocessor.bit_depth
          Control: model_layers
          Epochs: model.trainer.nb_epoch
          Batch_Size: model.trainer.batch_size
    outs:
    - path: combined/clean.csv
      hash: md5
      md5: c1ced8cb96e3749a75bf0080ef16d88a
      size: 37514989
  combined_afr:
    cmd: python -m deckard.layers.afr --dataset Combined --data_file combined/clean.csv
      --config_file "../conf/combined_afr.yaml" --plots_folder combined/ --target
      adv_accuracy --duration_col adv_fit_time
    deps:
    - path: ../conf/combined_afr.yaml
      hash: md5
      md5: f34cfe054c118b3a4054c9cd498cb4ca
      size: 4932
    - path: combined/clean.csv
      hash: md5
      md5: c1ced8cb96e3749a75bf0080ef16d88a
      size: 37514989
    outs:
    - path: combined/aft_comparison.csv
      hash: md5
      md5: b7fa674af3a3292e2bc2aea5ad17be7d
      size: 273
    - path: combined/aft_comparison.tex
      hash: md5
      md5: c123b232d63a34ea5a8b734f54b68d4d
      size: 543
    - path: combined/log_logistic_aft.pdf
      hash: md5
      md5: 9e8a6c7663a0fb3158c8b7f03ae37b65
      size: 28657
    - path: combined/log_logistic_qq.pdf
      hash: md5
      md5: a50043b00b616623918d87add29c6177
      size: 17234
    - path: combined/log_logistic_summary.csv
      hash: md5
      md5: f79f5586025b4f9e01aab37a211ab897
      size: 3438
    - path: combined/log_normal_aft.pdf
      hash: md5
      md5: fc62e790aabe0d93fef428ec415efe4e
      size: 28816
    - path: combined/log_normal_qq.pdf
      hash: md5
      md5: d938839e9114c4a0fc04a635ce130c3c
      size: 18789
    - path: combined/log_normal_summary.csv
      hash: md5
      md5: e7ca7a713e0e2161434d8e76e1d64e0e
      size: 3385
    - path: combined/weibull_aft.pdf
      hash: md5
      md5: db1a0ed77c65ef908c2b7367a61b089c
      size: 28808
    - path: combined/weibull_qq.pdf
      hash: md5
      md5: 497ddcbb507ec43c75d6e332f9d07aa0
      size: 16946
    - path: combined/weibull_summary.csv
      hash: md5
      md5: c7720967ef17803053826c4ced86ccba
      size: 3455
  predict_survival_time@weibull:
    cmd: python predict_with_best.py  --data combined/clean.csv  --config_file ../conf/combined_afr.yaml  --model
      weibull --target adv_accuracy  --duration_col adv_fit_time --output combined/weibull.csv
    deps:
    - path: ../conf/combined_afr.yaml
      hash: md5
      md5: f34cfe054c118b3a4054c9cd498cb4ca
      size: 4932
    - path: combined/aft_comparison.tex
      hash: md5
      md5: c123b232d63a34ea5a8b734f54b68d4d
      size: 543
    - path: combined/clean.csv
      hash: md5
      md5: c1ced8cb96e3749a75bf0080ef16d88a
      size: 37514989
    - path: predict_with_best.py
      hash: md5
      md5: 178074244d30f7eecf7c1eae65d8ffa9
      size: 2557
    outs:
    - path: combined/weibull.csv
      hash: md5
      md5: 8dc17b3ad8aeaecd6f3ac9fc9f442c60
      size: 37691146
  predict_survival_time@log_normal:
    cmd: python predict_with_best.py  --data combined/clean.csv  --config_file ../conf/combined_afr.yaml  --model
      log_normal --target adv_accuracy  --duration_col adv_fit_time --output combined/log_normal.csv
    deps:
    - path: ../conf/combined_afr.yaml
      hash: md5
      md5: f34cfe054c118b3a4054c9cd498cb4ca
      size: 4932
    - path: combined/aft_comparison.tex
      hash: md5
      md5: c123b232d63a34ea5a8b734f54b68d4d
      size: 543
    - path: combined/clean.csv
      hash: md5
      md5: c1ced8cb96e3749a75bf0080ef16d88a
      size: 37514989
    - path: predict_with_best.py
      hash: md5
      md5: 178074244d30f7eecf7c1eae65d8ffa9
      size: 2557
    outs:
    - path: combined/log_normal.csv
      hash: md5
      md5: 510822a4cce70f2a9dc8ba39aa0db7af
      size: 37691176
  predict_survival_time@log_logistic:
    cmd: python predict_with_best.py  --data combined/clean.csv  --config_file ../conf/combined_afr.yaml  --model
      log_logistic --target adv_accuracy  --duration_col adv_fit_time --output combined/log_logistic.csv
    deps:
    - path: ../conf/combined_afr.yaml
      hash: md5
      md5: f34cfe054c118b3a4054c9cd498cb4ca
      size: 4932
    - path: combined/aft_comparison.tex
      hash: md5
      md5: c123b232d63a34ea5a8b734f54b68d4d
      size: 543
    - path: combined/clean.csv
      hash: md5
      md5: c1ced8cb96e3749a75bf0080ef16d88a
      size: 37514989
    - path: predict_with_best.py
      hash: md5
      md5: 178074244d30f7eecf7c1eae65d8ffa9
      size: 2557
    outs:
    - path: combined/log_logistic.csv
      hash: md5
      md5: 0b199caf00c5161a3f928d76645b5f1f
      size: 37691002
  plot_trash_score@weibull:
    cmd: python plot_trash_score.py  --input_file combined/weibull.csv  --output_file
      combined/weibull_trash_score.pdf --title weibull
    deps:
    - path: combined/weibull.csv
      hash: md5
      md5: 8dc17b3ad8aeaecd6f3ac9fc9f442c60
      size: 37691146
    - path: plot_trash_score.py
      hash: md5
      md5: f3a0939b9d45d6d1759f8aad1e143f27
      size: 1634
    outs:
    - path: combined/weibull_trash_score.pdf
      hash: md5
      md5: 8baec36ffff47d30055be01692f92707
      size: 22247
  plot_trash_score@log_normal:
    cmd: python plot_trash_score.py  --input_file combined/log_normal.csv  --output_file
      combined/log_normal_trash_score.pdf --title log_normal
    deps:
    - path: combined/log_normal.csv
      hash: md5
      md5: 510822a4cce70f2a9dc8ba39aa0db7af
      size: 37691176
    - path: plot_trash_score.py
      hash: md5
      md5: f3a0939b9d45d6d1759f8aad1e143f27
      size: 1634
    outs:
    - path: combined/log_normal_trash_score.pdf
      hash: md5
      md5: 8a82cfa02bcd10f608012d974d6260fc
      size: 22726
  plot_trash_score@log_logistic:
    cmd: python plot_trash_score.py  --input_file combined/log_logistic.csv  --output_file
      combined/log_logistic_trash_score.pdf --title log_logistic
    deps:
    - path: combined/log_logistic.csv
      hash: md5
      md5: 0b199caf00c5161a3f928d76645b5f1f
      size: 37691002
    - path: plot_trash_score.py
      hash: md5
      md5: f3a0939b9d45d6d1759f8aad1e143f27
      size: 1634
    outs:
    - path: combined/log_logistic_trash_score.pdf
      hash: md5
      md5: 020a213c89aa4919fd7ac196ce4c9fad
      size: 22018
  copy@cifar100:
    cmd: rm -rf ../plots/cifar100/ && mkdir -p ../plots/cifar100/ && cp -r cifar100/*.pdf
      cifar100/*.csv cifar100/*.tex ../plots/cifar100/
    deps:
    - path: cifar100/
      hash: md5
      md5: 93fb0bab65317000f4145769410a629a.dir
      size: 29695303
      nfiles: 21
  copy@mnist:
    cmd: rm -rf ../plots/mnist/ && mkdir -p ../plots/mnist/ && cp -r mnist/*.pdf mnist/*.csv
      mnist/*.tex ../plots/mnist/
    deps:
    - path: mnist/
      hash: md5
      md5: c91397e60ec588583aa5b4044845d8e9.dir
      size: 24978381
      nfiles: 21
  copy@cifar:
    cmd: rm -rf ../plots/cifar/ && mkdir -p ../plots/cifar/ && cp -r cifar/*.pdf cifar/*.csv
      cifar/*.tex ../plots/cifar/
    deps:
    - path: cifar/
      hash: md5
      md5: aed80417a31cf64b16995bf2711009de.dir
      size: 24885292
      nfiles: 21
  copy@combined:
    cmd: rm -rf ../plots/combined/ && mkdir -p ../plots/combined/ && cp -r combined/*.pdf
      combined/*.csv combined/*.tex ../plots/combined/
    deps:
    - path: combined/
      hash: md5
      md5: abaa27b43eae1e0be39cb97cc2ace4cb.dir
      size: 150471370
      nfiles: 29
  move@mnist:
    cmd: rm -rf ../plots/mnist/ && mkdir -p ../plots/mnist/ && cp mnist/*.pdf  ../plots/mnist/
      && cp mnist/*.csv  ../plots/mnist/ && cp mnist/*.tex  ../plots/mnist/
    deps:
    - path: mnist/
      hash: md5
      md5: 2bccbdba3dc085459a3339184ab358cf.dir
      size: 30553582
      nfiles: 22
  move@cifar:
    cmd: rm -rf ../plots/cifar/ && mkdir -p ../plots/cifar/ && cp cifar/*.pdf  ../plots/cifar/
      && cp cifar/*.csv  ../plots/cifar/ && cp cifar/*.tex  ../plots/cifar/
    deps:
    - path: cifar/
      hash: md5
      md5: d1f7979056e9106653cff55dde5222f7.dir
      size: 24954327
      nfiles: 21
  move@cifar100:
    cmd: rm -rf ../plots/cifar100/ && mkdir -p ../plots/cifar100/ && cp cifar100/*.pdf  ../plots/cifar100/
      && cp cifar100/*.csv  ../plots/cifar100/ && cp cifar100/*.tex  ../plots/cifar100/
    deps:
    - path: cifar100/
      hash: md5
      md5: 3e0fdd4ff0bac22b80ed0e97d10f8b96.dir
      size: 29741640
      nfiles: 21
  move@combined:
    cmd: rm -rf ../plots/combined/ && mkdir -p ../plots/combined/ && cp combined/*.pdf  ../plots/combined/
      && cp combined/*.csv  ../plots/combined/ && cp combined/*.tex  ../plots/combined/
    deps:
    - path: combined/
      hash: md5
      md5: 7c275f0900392ada438f3e9f4cfe9f1b.dir
      size: 182095958
      nfiles: 30
