schema: '2.0'
stages:
  merge@mnist:
    cmd: python merge.py  --big_dir data/bit_depth/mnist --little_dir data/mnist --config
      ../conf/afr.yaml --data_file power.csv --output_folder mnist/ --output_file
      merged.csv
    deps:
    - path: ../conf/clean.yaml
      hash: md5
      md5: 3b23a3d656ad56e49e69f8624e227852
      size: 513
    - path: data/bit_depth/mnist/power.csv
      hash: md5
      md5: ed40bca679961759527ca94ca4cbd984
      size: 5421537
    - path: data/mnist/power.csv
      hash: md5
      md5: 6c84e8e91d81504e86db933bab0e9ae2
      size: 9968081
    params:
      ../conf/clean.yaml:
        fillna:
          Epochs: 20
          FGM: 0.0
          FSQ: 32
          Control: 18
          Batch_Size: 1024
    outs:
    - path: mnist/merged.csv
      hash: md5
      md5: 8f227012f75f50d6f01745b54d2dc5a5
      size: 15408533
  clean@mnist:
    cmd: python -m deckard.layers.clean_data --i mnist/merged.csv --o mnist/clean.csv
      --config "../conf/clean.yaml"
    deps:
    - path: ../conf/clean.yaml
      hash: md5
      md5: 3b23a3d656ad56e49e69f8624e227852
      size: 513
    - path: mnist/merged.csv
      hash: md5
      md5: 8f227012f75f50d6f01745b54d2dc5a5
      size: 15408533
    params:
      ../conf/clean.yaml:
        attacks:
          FastGradientMethod: FGM
          ProjectedGradientDescent: PGD
          HopSkipJump: HSJ
          DeepFool: Deep
        defences:
          Control: Control
          FeatureSqueezing: FSQ
          Epochs: Epochs
          model_layers: Control
        fillna:
          Epochs: 20
          FGM: 0.0
          FSQ: 32
          Control: 18
          Batch_Size: 1024
        params:
          FGM: attack.init.eps
          PGD: attack.init.eps
          HSJ: attack.init.eps
          DeepFool: attack.init.eps
          FSQ: model.art.preprocessor.bit_depth
          Control: model_layers
          Epochs: model.trainer.nb_epoch
          Batch_Size: model.trainer.batch_size
    outs:
    - path: mnist/clean.csv
      hash: md5
      md5: d4427712b315e86b1326ba79688af85d
      size: 9365123
  afr@mnist:
    cmd: python -m deckard.layers.afr --dataset mnist --data_file mnist/clean.csv
      --config_file "../conf/afr.yaml" --plots_folder mnist/ --target adv_accuracy
      --duration_col adv_fit_time
    deps:
    - path: ../conf/afr.yaml
      hash: md5
      md5: 4e5a2625b14d401ea539fbeb90ab1fcc
      size: 5649
    - path: mnist/clean.csv
      hash: md5
      md5: d4427712b315e86b1326ba79688af85d
      size: 9365123
    outs:
    - path: mnist/aft_comparison.csv
      hash: md5
      md5: 277a978045a84980116b0660ba98c4d7
      size: 263
    - path: mnist/aft_comparison.tex
      hash: md5
      md5: 3ac1fb655e43ae52f663eda97a880ba4
      size: 537
    - path: mnist/cox_aft.pdf
      hash: md5
      md5: 6c0d24ebdccfb84e320247440307adeb
      size: 22981
    - path: mnist/cox_epochs_partial_effect.pdf
      hash: md5
      md5: 1f328fddb393c40956512e5de31f3862
      size: 26633
    - path: mnist/log_logistic_aft.pdf
      hash: md5
      md5: 9453065c0885e5ed71505e0c7cd4d5e9
      size: 22831
    - path: mnist/log_logistic_epochs_partial_effect.pdf
      hash: md5
      md5: 82c561ebedea5d7656ebe73e560fdc82
      size: 24715
    - path: mnist/log_normal_aft.pdf
      hash: md5
      md5: f72f83da651ccff21da05c0bd6254de3
      size: 23167
    - path: mnist/log_normal_epochs_partial_effect.pdf
      hash: md5
      md5: 2dcc30e932b0f5a4cb7d159e61fd35da
      size: 25408
    - path: mnist/weibull_aft.pdf
      hash: md5
      md5: 1e7629267baf10a76e3440d7e136fd04
      size: 22965
    - path: mnist/weibull_epochs_partial_effect.pdf
      hash: md5
      md5: fb92b45c286d017e5310b9fbf0ba84b2
      size: 24402
  merge@cifar:
    cmd: python merge.py  --big_dir data/bit_depth/cifar --little_dir data/cifar --config
      ../conf/afr.yaml --data_file power.csv --output_folder cifar/ --output_file
      merged.csv
    deps:
    - path: ../conf/clean.yaml
      hash: md5
      md5: 3b23a3d656ad56e49e69f8624e227852
      size: 513
    - path: data/bit_depth/cifar/power.csv
      hash: md5
      md5: b9ebbe01b2bd93f1c4af02fb8abd910b
      size: 5291011
    - path: data/cifar/power.csv
      hash: md5
      md5: a8e056a8c4008ce37006237f2e44b2bf
      size: 9997291
    params:
      ../conf/clean.yaml:
        fillna:
          Epochs: 20
          FGM: 0.0
          FSQ: 32
          Control: 18
          Batch_Size: 1024
    outs:
    - path: cifar/merged.csv
      hash: md5
      md5: 2d2cbcb913a61d304950c910bd487b9b
      size: 15304603
  clean@cifar:
    cmd: python -m deckard.layers.clean_data --i cifar/merged.csv --o cifar/clean.csv
      --config "../conf/clean.yaml"
    deps:
    - path: ../conf/clean.yaml
      hash: md5
      md5: 3b23a3d656ad56e49e69f8624e227852
      size: 513
    - path: cifar/merged.csv
      hash: md5
      md5: 2d2cbcb913a61d304950c910bd487b9b
      size: 15304603
    params:
      ../conf/clean.yaml:
        attacks:
          FastGradientMethod: FGM
          ProjectedGradientDescent: PGD
          HopSkipJump: HSJ
          DeepFool: Deep
        defences:
          Control: Control
          FeatureSqueezing: FSQ
          Epochs: Epochs
          model_layers: Control
        fillna:
          Epochs: 20
          FGM: 0.0
          FSQ: 32
          Control: 18
          Batch_Size: 1024
        params:
          FGM: attack.init.eps
          PGD: attack.init.eps
          HSJ: attack.init.eps
          DeepFool: attack.init.eps
          FSQ: model.art.preprocessor.bit_depth
          Control: model_layers
          Epochs: model.trainer.nb_epoch
          Batch_Size: model.trainer.batch_size
    outs:
    - path: cifar/clean.csv
      hash: md5
      md5: d265e0a96be8602d0c57298677841153
      size: 9374737
  afr@cifar:
    cmd: python -m deckard.layers.afr --dataset cifar --data_file cifar/clean.csv
      --config_file "../conf/afr.yaml" --plots_folder cifar/ --target adv_accuracy
      --duration_col adv_fit_time
    deps:
    - path: ../conf/afr.yaml
      hash: md5
      md5: 4e5a2625b14d401ea539fbeb90ab1fcc
      size: 5649
    - path: cifar/clean.csv
      hash: md5
      md5: d265e0a96be8602d0c57298677841153
      size: 9374737
    outs:
    - path: cifar/aft_comparison.csv
      hash: md5
      md5: 822b36e1f674a97cb7780b393dd9bb90
      size: 267
    - path: cifar/aft_comparison.tex
      hash: md5
      md5: 57156af2e02b929360ca57142c01a182
      size: 539
    - path: cifar/cox_aft.pdf
      hash: md5
      md5: e9003ba4aeb03e4950d96f6970dd40cf
      size: 22620
    - path: cifar/cox_epochs_partial_effect.pdf
      hash: md5
      md5: 06d77e11188d02ec6384d639503862c9
      size: 26815
    - path: cifar/log_logistic_aft.pdf
      hash: md5
      md5: bf71a9e7190335ae80f7f46cfcbf181c
      size: 22841
    - path: cifar/log_logistic_epochs_partial_effect.pdf
      hash: md5
      md5: 7cf5e80a83d5806028c10ef19c81127a
      size: 25011
    - path: cifar/log_normal_aft.pdf
      hash: md5
      md5: 8c555ef20c8143dd29c4a0205c553051
      size: 22877
    - path: cifar/log_normal_epochs_partial_effect.pdf
      hash: md5
      md5: ebe59a8478033ddadf257ea53770b608
      size: 25594
    - path: cifar/weibull_aft.pdf
      hash: md5
      md5: 883ddfefb1c4c916eb5b2bf3a4a19d2b
      size: 22972
    - path: cifar/weibull_epochs_partial_effect.pdf
      hash: md5
      md5: 178379d1d8c327fade35b7b692f5f4a5
      size: 24538
  merge@cifar100:
    cmd: python merge.py  --big_dir data/bit_depth/cifar100 --little_dir data/cifar100
      --config ../conf/afr.yaml --data_file power.csv --output_folder cifar100/ --output_file
      merged.csv
    deps:
    - path: ../conf/clean.yaml
      hash: md5
      md5: 3b23a3d656ad56e49e69f8624e227852
      size: 513
    - path: data/bit_depth/cifar100/power.csv
      hash: md5
      md5: d52080413e3ba7bd86ef8d92ebd00507
      size: 3987447
    - path: data/cifar100/power.csv
      hash: md5
      md5: f51f0d4ebd105f64829af90a0212de00
      size: 16081846
    params:
      ../conf/clean.yaml:
        fillna:
          Epochs: 20
          FGM: 0.0
          FSQ: 32
          Control: 18
          Batch_Size: 1024
    outs:
    - path: cifar100/merged.csv
      hash: md5
      md5: f2bf33451a3c6a27e8b37dafc2a30ace
      size: 20099761
  clean@cifar100:
    cmd: python -m deckard.layers.clean_data --i cifar100/merged.csv --o cifar100/clean.csv
      --config "../conf/clean.yaml"
    deps:
    - path: ../conf/clean.yaml
      hash: md5
      md5: 3b23a3d656ad56e49e69f8624e227852
      size: 513
    - path: cifar100/merged.csv
      hash: md5
      md5: f2bf33451a3c6a27e8b37dafc2a30ace
      size: 20099761
    params:
      ../conf/clean.yaml:
        attacks:
          FastGradientMethod: FGM
          ProjectedGradientDescent: PGD
          HopSkipJump: HSJ
          DeepFool: Deep
        defences:
          Control: Control
          FeatureSqueezing: FSQ
          Epochs: Epochs
          model_layers: Control
        fillna:
          Epochs: 20
          FGM: 0.0
          FSQ: 32
          Control: 18
          Batch_Size: 1024
        params:
          FGM: attack.init.eps
          PGD: attack.init.eps
          HSJ: attack.init.eps
          DeepFool: attack.init.eps
          FSQ: model.art.preprocessor.bit_depth
          Control: model_layers
          Epochs: model.trainer.nb_epoch
          Batch_Size: model.trainer.batch_size
    outs:
    - path: cifar100/clean.csv
      hash: md5
      md5: 7fcafa8e463156464259f88b9027f170
      size: 9361956
  afr@cifar100:
    cmd: python -m deckard.layers.afr --dataset cifar100 --data_file cifar100/clean.csv
      --config_file "../conf/afr.yaml" --plots_folder cifar100/ --target adv_accuracy
      --duration_col adv_fit_time
    deps:
    - path: ../conf/afr.yaml
      hash: md5
      md5: 4e5a2625b14d401ea539fbeb90ab1fcc
      size: 5649
    - path: cifar100/clean.csv
      hash: md5
      md5: 7fcafa8e463156464259f88b9027f170
      size: 9361956
    outs:
    - path: cifar100/aft_comparison.csv
      hash: md5
      md5: aacd2cebfab999078ec898aa4c535dfa
      size: 270
    - path: cifar100/aft_comparison.tex
      hash: md5
      md5: 7a6d872782631726a6965d6d1788bd2c
      size: 558
    - path: cifar100/cox_aft.pdf
      hash: md5
      md5: 5b59faadb3af2031ed518ca1b0e39925
      size: 22603
    - path: cifar100/cox_epochs_partial_effect.pdf
      hash: md5
      md5: a14bc25cdcff244c299813481c24cf1e
      size: 31677
    - path: cifar100/log_logistic_aft.pdf
      hash: md5
      md5: bf0d8e8ae7147bae8fd3223ed5038c64
      size: 22555
    - path: cifar100/log_logistic_epochs_partial_effect.pdf
      hash: md5
      md5: de04106b16b1ae0bdfcdc6432680484e
      size: 25047
    - path: cifar100/log_normal_aft.pdf
      hash: md5
      md5: e0dd88f9b00bd72328bd0565229902a7
      size: 22869
    - path: cifar100/log_normal_epochs_partial_effect.pdf
      hash: md5
      md5: ae5cd65e9be848d07926e6f1a6e3d6e0
      size: 25732
    - path: cifar100/weibull_aft.pdf
      hash: md5
      md5: 6c4e1615e3759b9cccf9e4d360f4a9fa
      size: 22967
    - path: cifar100/weibull_epochs_partial_effect.pdf
      hash: md5
      md5: da5dc8e8f33cff7aeba11bee33b68a8b
      size: 24547
  combined_plots:
    cmd: python combined_plots.py
    deps:
    - path: cifar/aft_comparison.csv
      hash: md5
      md5: 822b36e1f674a97cb7780b393dd9bb90
      size: 267
    - path: cifar100/aft_comparison.csv
      hash: md5
      md5: aacd2cebfab999078ec898aa4c535dfa
      size: 270
    - path: combined_plots.py
      hash: md5
      md5: 9b0bec1a5faf2d1965895d1e88887cdc
      size: 9011
    - path: mnist/aft_comparison.csv
      hash: md5
      md5: 277a978045a84980116b0660ba98c4d7
      size: 263
    outs:
    - path: combined/acc.pdf
      hash: md5
      md5: dcec834b8382979091848c804daecff5
      size: 27363
    - path: combined/cost.pdf
      hash: md5
      md5: 467b32679b53ac3063d0f844a34d6206
      size: 43068
    - path: combined/power.pdf
      hash: md5
      md5: d4825be97cb0d7ea2e95f886fea7ea51
      size: 42356
    - path: combined/time.pdf
      hash: md5
      md5: 28ec5f4d7c3fda8251f166b311d46dd3
      size: 42366
    - path: data/combined/combined.csv
      hash: md5
      md5: 5373a0cba09196ebf00bbfbab9378398
      size: 52639498
  combined_clean:
    cmd: python -m deckard.layers.clean_data --i data/combined/combined.csv --o combined/clean.csv
      --config "../conf/clean.yaml"
    deps:
    - path: ../conf/clean.yaml
      hash: md5
      md5: 3b23a3d656ad56e49e69f8624e227852
      size: 513
    - path: data/combined/combined.csv
      hash: md5
      md5: 5373a0cba09196ebf00bbfbab9378398
      size: 52639498
    params:
      ../conf/clean.yaml:
        attacks:
          FastGradientMethod: FGM
          ProjectedGradientDescent: PGD
          HopSkipJump: HSJ
          DeepFool: Deep
        defences:
          Control: Control
          FeatureSqueezing: FSQ
          Epochs: Epochs
          model_layers: Control
        fillna:
          Epochs: 20
          FGM: 0.0
          FSQ: 32
          Control: 18
          Batch_Size: 1024
        params:
          FGM: attack.init.eps
          PGD: attack.init.eps
          HSJ: attack.init.eps
          DeepFool: attack.init.eps
          FSQ: model.art.preprocessor.bit_depth
          Control: model_layers
          Epochs: model.trainer.nb_epoch
          Batch_Size: model.trainer.batch_size
    outs:
    - path: combined/clean.csv
      hash: md5
      md5: c1ced8cb96e3749a75bf0080ef16d88a
      size: 37514989
  combined_afr:
    cmd: python -m deckard.layers.afr --dataset Combined --data_file combined/clean.csv
      --config_file "../conf/combined_afr.yaml" --plots_folder combined/ --target
      adv_accuracy --duration_col adv_fit_time
    deps:
    - path: ../conf/combined_afr.yaml
      hash: md5
      md5: f34cfe054c118b3a4054c9cd498cb4ca
      size: 4932
    - path: combined/clean.csv
      hash: md5
      md5: c1ced8cb96e3749a75bf0080ef16d88a
      size: 37514989
    outs:
    - path: combined/aft_comparison.csv
      hash: md5
      md5: b7fa674af3a3292e2bc2aea5ad17be7d
      size: 273
    - path: combined/aft_comparison.tex
      hash: md5
      md5: c123b232d63a34ea5a8b734f54b68d4d
      size: 543
    - path: combined/log_logistic_aft.pdf
      hash: md5
      md5: 62656cec940efac89c603012d12d01fd
      size: 28657
    - path: combined/log_logistic_qq.pdf
      hash: md5
      md5: 59fe29b406a99bd568d25384196c3d82
      size: 17234
    - path: combined/log_logistic_summary.csv
      hash: md5
      md5: f79f5586025b4f9e01aab37a211ab897
      size: 3438
    - path: combined/log_normal_aft.pdf
      hash: md5
      md5: 9dd4db96b85716b2474a3950ff93551f
      size: 28816
    - path: combined/log_normal_qq.pdf
      hash: md5
      md5: 76bc8108683770807672c9ffb34b4997
      size: 18789
    - path: combined/log_normal_summary.csv
      hash: md5
      md5: e7ca7a713e0e2161434d8e76e1d64e0e
      size: 3385
    - path: combined/weibull_aft.pdf
      hash: md5
      md5: 0ce01026cfef5127f57b0faeb07d94b1
      size: 28808
    - path: combined/weibull_qq.pdf
      hash: md5
      md5: 62d056e4b0976cbea96cbee4fc0283f0
      size: 16946
    - path: combined/weibull_summary.csv
      hash: md5
      md5: c7720967ef17803053826c4ced86ccba
      size: 3455
  predict_survival_time@weibull:
    cmd: python predict_with_best.py  --data combined/clean.csv  --config_file ../conf/combined_afr.yaml  --model
      weibull --target adv_accuracy  --duration_col adv_fit_time --output combined/weibull.csv
    deps:
    - path: ../conf/combined_afr.yaml
      hash: md5
      md5: f34cfe054c118b3a4054c9cd498cb4ca
      size: 4932
    - path: combined/aft_comparison.tex
      hash: md5
      md5: c123b232d63a34ea5a8b734f54b68d4d
      size: 543
    - path: combined/clean.csv
      hash: md5
      md5: c1ced8cb96e3749a75bf0080ef16d88a
      size: 37514989
    - path: predict_with_best.py
      hash: md5
      md5: 178074244d30f7eecf7c1eae65d8ffa9
      size: 2557
    outs:
    - path: combined/weibull.csv
      hash: md5
      md5: 8dc17b3ad8aeaecd6f3ac9fc9f442c60
      size: 37691146
  predict_survival_time@log_normal:
    cmd: python predict_with_best.py  --data combined/clean.csv  --config_file ../conf/combined_afr.yaml  --model
      log_normal --target adv_accuracy  --duration_col adv_fit_time --output combined/log_normal.csv
    deps:
    - path: ../conf/combined_afr.yaml
      hash: md5
      md5: f34cfe054c118b3a4054c9cd498cb4ca
      size: 4932
    - path: combined/aft_comparison.tex
      hash: md5
      md5: c123b232d63a34ea5a8b734f54b68d4d
      size: 543
    - path: combined/clean.csv
      hash: md5
      md5: c1ced8cb96e3749a75bf0080ef16d88a
      size: 37514989
    - path: predict_with_best.py
      hash: md5
      md5: 178074244d30f7eecf7c1eae65d8ffa9
      size: 2557
    outs:
    - path: combined/log_normal.csv
      hash: md5
      md5: 510822a4cce70f2a9dc8ba39aa0db7af
      size: 37691176
  predict_survival_time@log_logistic:
    cmd: python predict_with_best.py  --data combined/clean.csv  --config_file ../conf/combined_afr.yaml  --model
      log_logistic --target adv_accuracy  --duration_col adv_fit_time --output combined/log_logistic.csv
    deps:
    - path: ../conf/combined_afr.yaml
      hash: md5
      md5: f34cfe054c118b3a4054c9cd498cb4ca
      size: 4932
    - path: combined/aft_comparison.tex
      hash: md5
      md5: c123b232d63a34ea5a8b734f54b68d4d
      size: 543
    - path: combined/clean.csv
      hash: md5
      md5: c1ced8cb96e3749a75bf0080ef16d88a
      size: 37514989
    - path: predict_with_best.py
      hash: md5
      md5: 178074244d30f7eecf7c1eae65d8ffa9
      size: 2557
    outs:
    - path: combined/log_logistic.csv
      hash: md5
      md5: 0b199caf00c5161a3f928d76645b5f1f
      size: 37691002
  plot_trash_score@weibull:
    cmd: python plot_trash_score.py  --input_file combined/weibull.csv  --output_file
      combined/weibull_trash_score.pdf --title weibull
    deps:
    - path: combined/weibull.csv
      hash: md5
      md5: 8dc17b3ad8aeaecd6f3ac9fc9f442c60
      size: 37691146
    - path: plot_trash_score.py
      hash: md5
      md5: f3a0939b9d45d6d1759f8aad1e143f27
      size: 1634
    outs:
    - path: combined/weibull_trash_score.pdf
      hash: md5
      md5: 1223cc49e513baa920b2004f521d261b
      size: 22247
  plot_trash_score@log_normal:
    cmd: python plot_trash_score.py  --input_file combined/log_normal.csv  --output_file
      combined/log_normal_trash_score.pdf --title log_normal
    deps:
    - path: combined/log_normal.csv
      hash: md5
      md5: 510822a4cce70f2a9dc8ba39aa0db7af
      size: 37691176
    - path: plot_trash_score.py
      hash: md5
      md5: f3a0939b9d45d6d1759f8aad1e143f27
      size: 1634
    outs:
    - path: combined/log_normal_trash_score.pdf
      hash: md5
      md5: adf514c5aa43bdaeda96358dee60c936
      size: 22726
  plot_trash_score@log_logistic:
    cmd: python plot_trash_score.py  --input_file combined/log_logistic.csv  --output_file
      combined/log_logistic_trash_score.pdf --title log_logistic
    deps:
    - path: combined/log_logistic.csv
      hash: md5
      md5: 0b199caf00c5161a3f928d76645b5f1f
      size: 37691002
    - path: plot_trash_score.py
      hash: md5
      md5: f3a0939b9d45d6d1759f8aad1e143f27
      size: 1634
    outs:
    - path: combined/log_logistic_trash_score.pdf
      hash: md5
      md5: 3213ef09cbfa92cb3709021165e961c3
      size: 22018
  copy@cifar100:
    cmd: rm -rf ../plots/cifar100/ && mkdir -p ../plots/cifar100/ && cp -r cifar100/*.pdf
      cifar100/*.csv cifar100/*.tex ../plots/cifar100/
    deps:
    - path: cifar100/
      hash: md5
      md5: 93fb0bab65317000f4145769410a629a.dir
      size: 29695303
      nfiles: 21
  copy@mnist:
    cmd: rm -rf ../plots/mnist/ && mkdir -p ../plots/mnist/ && cp -r mnist/*.pdf mnist/*.csv
      mnist/*.tex ../plots/mnist/
    deps:
    - path: mnist/
      hash: md5
      md5: c91397e60ec588583aa5b4044845d8e9.dir
      size: 24978381
      nfiles: 21
  copy@cifar:
    cmd: rm -rf ../plots/cifar/ && mkdir -p ../plots/cifar/ && cp -r cifar/*.pdf cifar/*.csv
      cifar/*.tex ../plots/cifar/
    deps:
    - path: cifar/
      hash: md5
      md5: aed80417a31cf64b16995bf2711009de.dir
      size: 24885292
      nfiles: 21
  copy@combined:
    cmd: rm -rf ../plots/combined/ && mkdir -p ../plots/combined/ && cp -r combined/*.pdf
      combined/*.csv combined/*.tex ../plots/combined/
    deps:
    - path: combined/
      hash: md5
      md5: abaa27b43eae1e0be39cb97cc2ace4cb.dir
      size: 150471370
      nfiles: 29
  move@mnist:
    cmd: rm -rf ../plots/mnist/ && mkdir -p ../plots/mnist/ && mv  mnist/*.pdf  ../plots/mnist/
      && mv  mnist/*.csv  ../plots/mnist/ && mv  mnist/*.tex  ../plots/mnist/
    deps:
    - path: mnist/
      hash: md5
      md5: 3cc8eb94374a2aa214df57dfc9a4a2ca.dir
      size: 279
      nfiles: 1
  move@cifar:
    cmd: rm -rf ../plots/cifar/ && mkdir -p ../plots/cifar/ && mv  cifar/*.pdf  ../plots/cifar/
      && mv  cifar/*.csv  ../plots/cifar/ && mv  cifar/*.tex  ../plots/cifar/
    deps:
    - path: cifar/
      hash: md5
      md5: 3cc8eb94374a2aa214df57dfc9a4a2ca.dir
      size: 279
      nfiles: 1
  move@cifar100:
    cmd: rm -rf ../plots/cifar100/ && mkdir -p ../plots/cifar100/ && mv  cifar100/*.pdf  ../plots/cifar100/
      && mv  cifar100/*.csv  ../plots/cifar100/ && mv  cifar100/*.tex  ../plots/cifar100/
    deps:
    - path: cifar100/
      hash: md5
      md5: 3cc8eb94374a2aa214df57dfc9a4a2ca.dir
      size: 279
      nfiles: 1
  move@combined:
    cmd: rm -rf ../plots/combined/ && mkdir -p ../plots/combined/ && mv  combined/*.pdf  ../plots/combined/
      && mv  combined/*.csv  ../plots/combined/ && mv  combined/*.tex  ../plots/combined/
    deps:
    - path: combined/
      hash: md5
      md5: 88f6f83c816b136d9a47fe7ebe3f1e93.dir
      size: 30998935
      nfiles: 2
