schema: '2.0'
stages:
  first_run:
    cmd: pdflatex  main.tex
    deps:
    - path: main.tex
      hash: md5
      md5: ed7e7f90044f7915184c3b8829f2b2f1
      size: 55947
    outs:
    - path: main.aux
      hash: md5
      md5: cca2a8550091d56390a381b5ca78eb7d
      size: 25679
    - path: main.log
      hash: md5
      md5: c54ef69f4ee4b1885416cd49c7d1b258
      size: 46204
    - path: main.out
      hash: md5
      md5: ad4fd099b892ecdf30e002d522bb69f5
      size: 5931
  big_run:
    cmd: pdflatex main.tex && bibtex main && pdflatex  main.tex && pdflatex  
      main.tex
    deps:
    - path: bibliography.bib
      hash: md5
      md5: ff03cad3a2dc10725424e3c67e54d018
      size: 102320
    - path: main.aux
      hash: md5
      md5: cca2a8550091d56390a381b5ca78eb7d
      size: 25679
    - path: main.log
      hash: md5
      md5: 9b0dd34682120af2777875f5021ec4f5
      size: 29352
    - path: main.out
      hash: md5
      md5: ad4fd099b892ecdf30e002d522bb69f5
      size: 5931
    - path: main.tex
      hash: md5
      md5: ed7e7f90044f7915184c3b8829f2b2f1
      size: 55947
    - path: plots/
      hash: md5
      md5: adce451bedd4716b5be77fb2f397b554.dir
      size: 230966926
      nfiles: 90
    outs:
    - path: main.pdf
      hash: md5
      md5: 54da07b19f78d7618700536ea654e40c
      size: 684143
  arxiv:
    cmd: rm -rf tmp/ &&  python arxiv.py  --directories plots/combined plots 
      --delete_these_dirs generate_plots/ tmp conf bst --extensions py yaml csv 
      --title "A Cost-Aware Approach to Adversarial Robustness in Neural 
      Networks" --delete_these_files ".dvcignore" "main.aux" "main.blg" 
      "main.out"  "main.pdf" "main.log"  "arxiv.log" --temporary_directory tmp
    deps:
    - path: arxiv.py
      md5: 6424cda58e8cdd02be453250908f8df5
      size: 7776
    - path: main.pdf
      hash: md5
      md5: c625f5b7072e8c6131c704a46c2b0fe0
      size: 684143
    - path: plots/
      hash: md5
      md5: adce451bedd4716b5be77fb2f397b554.dir
      size: 230966926
      nfiles: 90
    outs:
    - path: A Cost-Aware Approach to Adversarial Robustness in Neural 
        Networks.zip
      hash: md5
      md5: 642f9fd62b50231beb35c96f22f0d4f4
      size: 605563
    - path: arxiv.log
      hash: md5
      md5: fc36838dc5f76aba73cd1468e75eff94
      size: 3822
    - path: tmp/
      hash: md5
      md5: 722f097c43b02bf1176339ccaa19995f.dir
      size: 1101218
      nfiles: 30
  pre-commmit:
    cmd: pre-commit run --all-files  && chktex -q -V main.tex -n 24 -n 8 -n 1 -n
      9 -n 17
    deps:
    - path: bibliography.bib
      hash: md5
      md5: ff03cad3a2dc10725424e3c67e54d018
      size: 102320
    - path: generate_plots/
      hash: md5
      md5: cb404029ea63f31968f4a1982a423075.dir
      size: 189976692
      nfiles: 33
    - path: main.tex
      hash: md5
      md5: ed7e7f90044f7915184c3b8829f2b2f1
      size: 55947
    - path: plots/
      hash: md5
      md5: adce451bedd4716b5be77fb2f397b554.dir
      size: 230966926
      nfiles: 90
